
Microsoft Visual Studio Solution File, Format Version 12.00
# Visual Studio Version 16
VisualStudioVersion = 16.0.31019.35
MinimumVisualStudioVersion = 10.0.40219.1
Project("{FAE04EC0-301F-11D3-BF4B-00C04F79EFBC}") = "zadacha2", "zadacha2\zadacha2.csproj", "{E7A08274-9DC3-456F-A27F-EF8FE9B6620C}"
EndProject
Global
	GlobalSection(SolutionConfigurationPlatforms) = preSolution
		Debug|Any CPU = Debug|Any CPU
		Release|Any CPU = Release|Any CPU
	EndGlobalSection
	GlobalSection(ProjectConfigurationPlatforms) = postSolution
		{E7A08274-9DC3-456F-A27F-EF8FE9B6620C}.Debug|Any CPU.ActiveCfg = Debug|Any CPU
		{E7A08274-9DC3-456F-A27F-EF8FE9B6620C}.Debug|Any CPU.Build.0 = Debug|Any CPU
		{E7A08274-9DC3-456F-A27F-EF8FE9B6620C}.Release|Any CPU.ActiveCfg = Release|Any CPU
		{E7A08274-9DC3-456F-A27F-EF8FE9B6620C}.Release|Any CPU.Build.0 = Release|Any CPU
	EndGlobalSection
	GlobalSection(SolutionProperties) = preSolution
		HideSolutionNode = FALSE
	EndGlobalSection
	GlobalSection(ExtensibilityGlobals) = postSolution
		SolutionGuid = {DB725304-8A87-48D4-B3E0-31E023F00CE4}
	EndGlobalSection
EndGlobal
