
Microsoft Visual Studio Solution File, Format Version 12.00
# Visual Studio Version 16
VisualStudioVersion = 16.0.31019.35
MinimumVisualStudioVersion = 10.0.40219.1
Project("{FAE04EC0-301F-11D3-BF4B-00C04F79EFBC}") = "zadacha 15", "zadacha 15\zadacha 15.csproj", "{1B6A9C35-A198-47BE-8FE3-664EA8B2E684}"
EndProject
Global
	GlobalSection(SolutionConfigurationPlatforms) = preSolution
		Debug|Any CPU = Debug|Any CPU
		Release|Any CPU = Release|Any CPU
	EndGlobalSection
	GlobalSection(ProjectConfigurationPlatforms) = postSolution
		{1B6A9C35-A198-47BE-8FE3-664EA8B2E684}.Debug|Any CPU.ActiveCfg = Debug|Any CPU
		{1B6A9C35-A198-47BE-8FE3-664EA8B2E684}.Debug|Any CPU.Build.0 = Debug|Any CPU
		{1B6A9C35-A198-47BE-8FE3-664EA8B2E684}.Release|Any CPU.ActiveCfg = Release|Any CPU
		{1B6A9C35-A198-47BE-8FE3-664EA8B2E684}.Release|Any CPU.Build.0 = Release|Any CPU
	EndGlobalSection
	GlobalSection(SolutionProperties) = preSolution
		HideSolutionNode = FALSE
	EndGlobalSection
	GlobalSection(ExtensibilityGlobals) = postSolution
		SolutionGuid = {E58D2E4F-1C93-404E-B751-84924A06934D}
	EndGlobalSection
EndGlobal
