
Microsoft Visual Studio Solution File, Format Version 12.00
# Visual Studio Version 16
VisualStudioVersion = 16.0.31019.35
MinimumVisualStudioVersion = 10.0.40219.1
Project("{FAE04EC0-301F-11D3-BF4B-00C04F79EFBC}") = "zadacha13", "zadacha13\zadacha13.csproj", "{BC068CE4-73D8-4DCB-A471-A3C478739C9B}"
EndProject
Global
	GlobalSection(SolutionConfigurationPlatforms) = preSolution
		Debug|Any CPU = Debug|Any CPU
		Release|Any CPU = Release|Any CPU
	EndGlobalSection
	GlobalSection(ProjectConfigurationPlatforms) = postSolution
		{BC068CE4-73D8-4DCB-A471-A3C478739C9B}.Debug|Any CPU.ActiveCfg = Debug|Any CPU
		{BC068CE4-73D8-4DCB-A471-A3C478739C9B}.Debug|Any CPU.Build.0 = Debug|Any CPU
		{BC068CE4-73D8-4DCB-A471-A3C478739C9B}.Release|Any CPU.ActiveCfg = Release|Any CPU
		{BC068CE4-73D8-4DCB-A471-A3C478739C9B}.Release|Any CPU.Build.0 = Release|Any CPU
	EndGlobalSection
	GlobalSection(SolutionProperties) = preSolution
		HideSolutionNode = FALSE
	EndGlobalSection
	GlobalSection(ExtensibilityGlobals) = postSolution
		SolutionGuid = {45A9FABE-EE5C-4DB0-A795-26D3F1134D6C}
	EndGlobalSection
EndGlobal
