
Microsoft Visual Studio Solution File, Format Version 12.00
# Visual Studio Version 16
VisualStudioVersion = 16.0.31019.35
MinimumVisualStudioVersion = 10.0.40219.1
Project("{FAE04EC0-301F-11D3-BF4B-00C04F79EFBC}") = "zadacha14", "zadacha14\zadacha14.csproj", "{AA422D0C-5D3D-4DD1-94FF-B30E216A6096}"
EndProject
Global
	GlobalSection(SolutionConfigurationPlatforms) = preSolution
		Debug|Any CPU = Debug|Any CPU
		Release|Any CPU = Release|Any CPU
	EndGlobalSection
	GlobalSection(ProjectConfigurationPlatforms) = postSolution
		{AA422D0C-5D3D-4DD1-94FF-B30E216A6096}.Debug|Any CPU.ActiveCfg = Debug|Any CPU
		{AA422D0C-5D3D-4DD1-94FF-B30E216A6096}.Debug|Any CPU.Build.0 = Debug|Any CPU
		{AA422D0C-5D3D-4DD1-94FF-B30E216A6096}.Release|Any CPU.ActiveCfg = Release|Any CPU
		{AA422D0C-5D3D-4DD1-94FF-B30E216A6096}.Release|Any CPU.Build.0 = Release|Any CPU
	EndGlobalSection
	GlobalSection(SolutionProperties) = preSolution
		HideSolutionNode = FALSE
	EndGlobalSection
	GlobalSection(ExtensibilityGlobals) = postSolution
		SolutionGuid = {C46C2875-7B16-454D-8F42-8542BDB3FA21}
	EndGlobalSection
EndGlobal
